{
  "name": "@tigojs/api-request-sign",
  "version": "0.1.0",
  "lockfileVersion": 2,
  "requires": true,
  "packages": {
    "": {
      "name": "@tigojs/api-request-sign",
      "version": "0.1.0",
      "license": "MIT",
      "dependencies": {
        "random-string": "^0.2.0"
      }
    },
    "node_modules/random-string": {
      "version": "0.2.0",
      "resolved": "https://registry.npmjs.org/random-string/-/random-string-0.2.0.tgz",
      "integrity": "sha1-pG5DdTUr7amg17DRntbTIezR2C0=",
      "engines": {
        "node": ">= 0.10.0"
      }
    }
  },
  "dependencies": {
    "random-string": {
      "version": "0.2.0",
      "resolved": "https://registry.npmjs.org/random-string/-/random-string-0.2.0.tgz",
      "integrity": "sha1-pG5DdTUr7amg17DRntbTIezR2C0="
    }
  }
}
