{
  "name": "@tigojs/lambda-validator",
  "version": "0.1.0",
  "lockfileVersion": 2,
  "requires": true,
  "packages": {
    "": {
      "name": "@tigojs/lambda-validator",
      "version": "0.1.0",
      "license": "MIT",
      "dependencies": {
        "parameter": "^3.7.0"
      }
    },
    "node_modules/parameter": {
      "version": "3.7.0",
      "resolved": "https://registry.npmjs.org/parameter/-/parameter-3.7.0.tgz",
      "integrity": "sha512-CRSlKBPn5pI1HQpdhyjVojTq9OyZFXcejkqt6vhkjmAwvZ4w0nK6Od/vNyniWY8wC3FwIPG+DUc59vG3FmkINg==",
      "license": "MIT",
      "engines": {
        "node": ">= 10.0.0"
      }
    }
  },
  "dependencies": {
    "parameter": {
      "version": "3.7.0",
      "resolved": "https://registry.npmjs.org/parameter/-/parameter-3.7.0.tgz",
      "integrity": "sha512-CRSlKBPn5pI1HQpdhyjVojTq9OyZFXcejkqt6vhkjmAwvZ4w0nK6Od/vNyniWY8wC3FwIPG+DUc59vG3FmkINg=="
    }
  }
}
