{
  "name": "@tigojs/fepanel",
  "version": "0.1.0",
  "lockfileVersion": 2,
  "requires": true,
  "packages": {
    "": {
      "name": "@tigojs/fepanel",
      "version": "0.1.0",
      "license": "MIT",
      "dependencies": {
        "@tigojs/utils": "^0.1.8",
        "regex-go": "^0.1.1"
      }
    },
    "node_modules/@tigojs/utils": {
      "version": "0.1.8",
      "resolved": "https://registry.npmjs.org/@tigojs/utils/-/utils-0.1.8.tgz",
      "integrity": "sha512-bjDwMan3MWbbwqZKWEmK8YXi7asaERUlP9sDGyNnRZEYScbCf5aRddmDS8UKSmZWSDeSobSyfpSIOjzvN1/Hlw==",
      "dependencies": {
        "escape-html": "^1.0.3",
        "stream-wormhole": "^1.1.0"
      }
    },
    "node_modules/escape-html": {
      "version": "1.0.3",
      "resolved": "https://registry.npmjs.org/escape-html/-/escape-html-1.0.3.tgz",
      "integrity": "sha1-Aljq5NPQwJdN4cFpGI7wBR0dGYg="
    },
    "node_modules/regex-go": {
      "version": "0.1.1",
      "resolved": "https://registry.npmjs.org/regex-go/-/regex-go-0.1.1.tgz",
      "integrity": "sha512-13+xyXIDEspropkZYxcyP4avloSrPb9Y9cd9Y4O0GnMKup75POzSGARkaCQS7/r0xFFiK+ByMZpNN7kPXvGIQQ=="
    },
    "node_modules/stream-wormhole": {
      "version": "1.1.0",
      "resolved": "https://registry.npmjs.org/stream-wormhole/-/stream-wormhole-1.1.0.tgz",
      "integrity": "sha512-gHFfL3px0Kctd6Po0M8TzEvt3De/xu6cnRrjlfYNhwbhLPLwigI2t1nc6jrzNuaYg5C4YF78PPFuQPzRiqn9ew==",
      "engines": {
        "node": ">=4.0.0"
      }
    }
  },
  "dependencies": {
    "@tigojs/utils": {
      "version": "0.1.8",
      "resolved": "https://registry.npmjs.org/@tigojs/utils/-/utils-0.1.8.tgz",
      "integrity": "sha512-bjDwMan3MWbbwqZKWEmK8YXi7asaERUlP9sDGyNnRZEYScbCf5aRddmDS8UKSmZWSDeSobSyfpSIOjzvN1/Hlw==",
      "requires": {
        "escape-html": "^1.0.3",
        "stream-wormhole": "^1.1.0"
      }
    },
    "escape-html": {
      "version": "1.0.3",
      "resolved": "https://registry.npmjs.org/escape-html/-/escape-html-1.0.3.tgz",
      "integrity": "sha1-Aljq5NPQwJdN4cFpGI7wBR0dGYg="
    },
    "regex-go": {
      "version": "0.1.1",
      "resolved": "https://registry.npmjs.org/regex-go/-/regex-go-0.1.1.tgz",
      "integrity": "sha512-13+xyXIDEspropkZYxcyP4avloSrPb9Y9cd9Y4O0GnMKup75POzSGARkaCQS7/r0xFFiK+ByMZpNN7kPXvGIQQ=="
    },
    "stream-wormhole": {
      "version": "1.1.0",
      "resolved": "https://registry.npmjs.org/stream-wormhole/-/stream-wormhole-1.1.0.tgz",
      "integrity": "sha512-gHFfL3px0Kctd6Po0M8TzEvt3De/xu6cnRrjlfYNhwbhLPLwigI2t1nc6jrzNuaYg5C4YF78PPFuQPzRiqn9ew=="
    }
  }
}
