{
  "name": "@tigo/config-storage",
  "version": "1.0.0",
  "lockfileVersion": 2,
  "requires": true,
  "packages": {
    "": {
      "name": "@tigo/config-storage",
      "version": "1.0.0",
      "license": "MIT",
      "dependencies": {
        "@tigo/core": "file:..\\core",
        "@tigo/utils": "file:..\\utils",
        "lru-cache": "^6.0.0"
      }
    },
    "../core": {
      "version": "1.0.0",
      "license": "MIT"
    },
    "../utils": {
      "version": "1.0.0",
      "license": "MIT",
      "dependencies": {
        "escape-html": "^1.0.3",
        "stream-wormhole": "^1.1.0"
      }
    },
    "node_modules/@tigo/core": {
      "resolved": "../core",
      "link": true
    },
    "node_modules/@tigo/utils": {
      "resolved": "../utils",
      "link": true
    },
    "node_modules/lru-cache": {
      "version": "6.0.0",
      "resolved": "https://registry.npmjs.org/lru-cache/-/lru-cache-6.0.0.tgz",
      "integrity": "sha512-Jo6dJ04CmSjuznwJSS3pUeWmd/H0ffTlkXXgwZi+eq1UCmqQwCh+eLsYOYCwY991i2Fah4h1BEMCx4qThGbsiA==",
      "dependencies": {
        "yallist": "^4.0.0"
      },
      "engines": {
        "node": ">=10"
      }
    },
    "node_modules/yallist": {
      "version": "4.0.0",
      "resolved": "https://registry.npmjs.org/yallist/-/yallist-4.0.0.tgz",
      "integrity": "sha512-3wdGidZyq5PB084XLES5TpOSRA3wjXAlIWMhum2kRcv/41Sn2emQ0dycQW4uZXLejwKvg6EsvbdlVL+FYEct7A=="
    }
  },
  "dependencies": {
    "@tigo/core": {
      "version": "file:../core"
    },
    "@tigo/utils": {
      "version": "file:../utils",
      "requires": {
        "escape-html": "^1.0.3",
        "stream-wormhole": "^1.1.0"
      }
    },
    "lru-cache": {
      "version": "6.0.0",
      "resolved": "https://registry.npmjs.org/lru-cache/-/lru-cache-6.0.0.tgz",
      "integrity": "sha512-Jo6dJ04CmSjuznwJSS3pUeWmd/H0ffTlkXXgwZi+eq1UCmqQwCh+eLsYOYCwY991i2Fah4h1BEMCx4qThGbsiA==",
      "requires": {
        "yallist": "^4.0.0"
      }
    },
    "yallist": {
      "version": "4.0.0",
      "resolved": "https://registry.npmjs.org/yallist/-/yallist-4.0.0.tgz",
      "integrity": "sha512-3wdGidZyq5PB084XLES5TpOSRA3wjXAlIWMhum2kRcv/41Sn2emQ0dycQW4uZXLejwKvg6EsvbdlVL+FYEct7A=="
    }
  }
}
