{
  "name": "@tigojs/utils",
  "version": "0.1.16",
  "lockfileVersion": 2,
  "requires": true,
  "packages": {
    "": {
      "name": "@tigojs/utils",
      "version": "0.1.16",
      "license": "MIT",
      "dependencies": {
        "escape-html": "^1.0.3",
        "size-converter": "^1.0.1",
        "stream-wormhole": "^1.1.0"
      }
    },
    "node_modules/escape-html": {
      "version": "1.0.3",
      "resolved": "https://registry.npmjs.org/escape-html/-/escape-html-1.0.3.tgz",
      "integrity": "sha1-Aljq5NPQwJdN4cFpGI7wBR0dGYg="
    },
    "node_modules/size-converter": {
      "version": "1.0.1",
      "resolved": "https://registry.npmjs.org/size-converter/-/size-converter-1.0.1.tgz",
      "integrity": "sha512-5EuyC6AmGSIo87z8VKjG7GibeQB5HlaT1Hc9z6tnmuH0VBSz+X0BfJiOUPypGFqxifV+g38EgITLZcBU1ZZPXg=="
    },
    "node_modules/stream-wormhole": {
      "version": "1.1.0",
      "resolved": "https://registry.npmjs.org/stream-wormhole/-/stream-wormhole-1.1.0.tgz",
      "integrity": "sha512-gHFfL3px0Kctd6Po0M8TzEvt3De/xu6cnRrjlfYNhwbhLPLwigI2t1nc6jrzNuaYg5C4YF78PPFuQPzRiqn9ew==",
      "engines": {
        "node": ">=4.0.0"
      }
    }
  },
  "dependencies": {
    "escape-html": {
      "version": "1.0.3",
      "resolved": "https://registry.npmjs.org/escape-html/-/escape-html-1.0.3.tgz",
      "integrity": "sha1-Aljq5NPQwJdN4cFpGI7wBR0dGYg="
    },
    "size-converter": {
      "version": "1.0.1",
      "resolved": "https://registry.npmjs.org/size-converter/-/size-converter-1.0.1.tgz",
      "integrity": "sha512-5EuyC6AmGSIo87z8VKjG7GibeQB5HlaT1Hc9z6tnmuH0VBSz+X0BfJiOUPypGFqxifV+g38EgITLZcBU1ZZPXg=="
    },
    "stream-wormhole": {
      "version": "1.1.0",
      "resolved": "https://registry.npmjs.org/stream-wormhole/-/stream-wormhole-1.1.0.tgz",
      "integrity": "sha512-gHFfL3px0Kctd6Po0M8TzEvt3De/xu6cnRrjlfYNhwbhLPLwigI2t1nc6jrzNuaYg5C4YF78PPFuQPzRiqn9ew=="
    }
  }
}
